
Microsoft Visual Studio Solution File, Format Version 12.00
# Visual Studio Version 17
VisualStudioVersion = 17.4.33213.308
MinimumVisualStudioVersion = 10.0.40219.1
Project("{FAE04EC0-301F-11D3-BF4B-00C04F79EFBC}") = "Laboration3TextEditor", "Laboration3TextEditor\Laboration3TextEditor.csproj", "{030004C4-B22C-497D-8C36-18BF29262437}"
EndProject
Global
	GlobalSection(SolutionConfigurationPlatforms) = preSolution
		Debug|Any CPU = Debug|Any CPU
		Release|Any CPU = Release|Any CPU
	EndGlobalSection
	GlobalSection(ProjectConfigurationPlatforms) = postSolution
		{030004C4-B22C-497D-8C36-18BF29262437}.Debug|Any CPU.ActiveCfg = Debug|Any CPU
		{030004C4-B22C-497D-8C36-18BF29262437}.Debug|Any CPU.Build.0 = Debug|Any CPU
		{030004C4-B22C-497D-8C36-18BF29262437}.Release|Any CPU.ActiveCfg = Release|Any CPU
		{030004C4-B22C-497D-8C36-18BF29262437}.Release|Any CPU.Build.0 = Release|Any CPU
	EndGlobalSection
	GlobalSection(SolutionProperties) = preSolution
		HideSolutionNode = FALSE
	EndGlobalSection
	GlobalSection(ExtensibilityGlobals) = postSolution
		SolutionGuid = {885EB849-A186-48A1-8464-AAA776F65AA3}
	EndGlobalSection
EndGlobal
