
Microsoft Visual Studio Solution File, Format Version 12.00
# Visual Studio Version 17
VisualStudioVersion = 17.4.33213.308
MinimumVisualStudioVersion = 10.0.40219.1
Project("{FAE04EC0-301F-11D3-BF4B-00C04F79EFBC}") = "Notepad", "Notepad\Notepad.csproj", "{5FFA36B8-0E6E-40FA-98F2-0DEFA32FCEB5}"
EndProject
Global
	GlobalSection(SolutionConfigurationPlatforms) = preSolution
		Debug|Any CPU = Debug|Any CPU
		Release|Any CPU = Release|Any CPU
	EndGlobalSection
	GlobalSection(ProjectConfigurationPlatforms) = postSolution
		{5FFA36B8-0E6E-40FA-98F2-0DEFA32FCEB5}.Debug|Any CPU.ActiveCfg = Debug|Any CPU
		{5FFA36B8-0E6E-40FA-98F2-0DEFA32FCEB5}.Debug|Any CPU.Build.0 = Debug|Any CPU
		{5FFA36B8-0E6E-40FA-98F2-0DEFA32FCEB5}.Release|Any CPU.ActiveCfg = Release|Any CPU
		{5FFA36B8-0E6E-40FA-98F2-0DEFA32FCEB5}.Release|Any CPU.Build.0 = Release|Any CPU
	EndGlobalSection
	GlobalSection(SolutionProperties) = preSolution
		HideSolutionNode = FALSE
	EndGlobalSection
	GlobalSection(ExtensibilityGlobals) = postSolution
		SolutionGuid = {EB5FE8C8-48C8-47EE-9B5B-100E44733F57}
	EndGlobalSection
EndGlobal
