
Microsoft Visual Studio Solution File, Format Version 12.00
# Visual Studio Version 17
VisualStudioVersion = 17.4.33213.308
MinimumVisualStudioVersion = 10.0.40219.1
Project("{FAE04EC0-301F-11D3-BF4B-00C04F79EFBC}") = "Laboration4Affärssystem", "Laboration4Affärssystem\Laboration4Affärssystem.csproj", "{89ACFDDA-E067-423E-9201-97E46F033619}"
EndProject
Global
	GlobalSection(SolutionConfigurationPlatforms) = preSolution
		Debug|Any CPU = Debug|Any CPU
		Release|Any CPU = Release|Any CPU
	EndGlobalSection
	GlobalSection(ProjectConfigurationPlatforms) = postSolution
		{89ACFDDA-E067-423E-9201-97E46F033619}.Debug|Any CPU.ActiveCfg = Debug|Any CPU
		{89ACFDDA-E067-423E-9201-97E46F033619}.Debug|Any CPU.Build.0 = Debug|Any CPU
		{89ACFDDA-E067-423E-9201-97E46F033619}.Release|Any CPU.ActiveCfg = Release|Any CPU
		{89ACFDDA-E067-423E-9201-97E46F033619}.Release|Any CPU.Build.0 = Release|Any CPU
	EndGlobalSection
	GlobalSection(SolutionProperties) = preSolution
		HideSolutionNode = FALSE
	EndGlobalSection
	GlobalSection(ExtensibilityGlobals) = postSolution
		SolutionGuid = {0A4C2390-1AFC-4F9E-93C8-5C087EA4D88A}
	EndGlobalSection
EndGlobal
